{
    "_meta": {
        "hash": {
            "sha256": "728552b32cb99c278d17c9169b5025d2d6c86cfbb3f3dfa276ff17d13aaf45c2"
        },
        "host-environment-markers": {
            "implementation_name": "cpython",
            "implementation_version": "3.6.4",
            "os_name": "nt",
            "platform_machine": "AMD64",
            "platform_python_implementation": "CPython",
            "platform_release": "10",
            "platform_system": "Windows",
            "platform_version": "10.0.16299",
            "python_full_version": "3.6.4",
            "python_version": "3.6",
            "sys_platform": "win32"
        },
        "pipfile-spec": 6,
        "requires": {},
        "sources": [
            {
                "name": "pypi",
                "url": "https://pypi.python.org/simple",
                "verify_ssl": true
            }
        ]
    },
    "default": {
        "keyboard": {
            "hashes": [
                "sha256:d67dd0c8aa1feb7cad7a7efac6301889d2a99974979d997c7ff29c87d73cfa24",
                "sha256:f7e756dfc6cef083720c47de814356d3919b8193d4372bef0d32f44ce6f8c4fc",
                "sha256:f9f2251dc76daa44bffc2568ad72eb807276393302ed4ccf2f35e7f393c81759"
            ],
            "version": "==0.11.0"
        },
        "mouse": {
            "hashes": [
                "sha256:448ec56ee5729e7c315bec1dccc72becf53fae0464c4757991e3846841018de3",
                "sha256:b833411f0e3aa3083ef0176effb9afe8dae5e33d09ae151208f12f39d1a283a2"
            ],
            "version": "==0.7.0"
        },
        "pywindow": {
            "hashes": [
                "sha256:ba5890222d526c793470a40cefbf21dc99541681ae56a5d30b4134085320f0f1",
                "sha256:1f0e4ceddd39aca48cb57a3438fe851adf53a3af67966b43eaca2ab346978ccc"
            ],
            "version": "==0.0.3"
        },
        "websockets": {
            "hashes": [
                "sha256:f5192da704535a7cbf76d6e99c1ec4af7e8d1288252bf5a2385d414509ded0cf",
                "sha256:0c31bc832d529dc7583d324eb6c836a4f362032a1902723c112cf57883488d8c",
                "sha256:da7610a017f5343fdf765f4e0eb6fd0dfd08264ca1565212b110836d9367fc9c",
                "sha256:fd81af8cf3e69f9a97f3a6c0623a0527de0f922c2df725f00cd7646d478af632",
                "sha256:3d425ae081fb4ba1eef9ecf30472ffd79f8e868297ccc7a47993c96dbf2a819c",
                "sha256:ebdd4f18fe7e3bea9bd3bf446b0f4117739478caa2c76e4f0fb72cc45b03cbd7",
                "sha256:3859ca16c229ddb0fa21c5090e4efcb037c08ce69b0c1dfed6122c3f98cd0c22",
                "sha256:d1a0572b6edb22c9208e3e5381064e09d287d2a915f90233fef994ee7a14a935",
                "sha256:80188abdadd23edaaea05ce761dc9a2e1df31a74a0533967f0dcd9560c85add0",
                "sha256:fecf51c13195c416c22422353b306dddb9c752e4b80b21e0fa1fccbe38246677",
                "sha256:367ff945bc0950ad9634591e2afe50bf2222bc4fad1088a386c4bb700888026e",
                "sha256:6df87698022aef2596bffdfecc96d656db59c8d719708c8a471daa815ee61656",
                "sha256:341824d8c9ad53fc43cca3fa9407f294125fa258592f7676640396501448e57e",
                "sha256:64896a6b3368c959b8096b655e46f03dfa65b96745249f374bd6a35705cc3489",
                "sha256:1f3e5a52cab6daa3d432c7b0de0a14109be39d2bfaad033ee5de4a3d3e11dcdf",
                "sha256:da4d4fbe059b0453e726d6d993760065d69b823a27efc3040402a6fcfe6a1ed9"
            ],
            "version": "==4.0.1"
        }
    },
    "develop": {
        "altgraph": {
            "hashes": [
                "sha256:49dc134049903cc73fb76ca3cc9bef5b2b8c01c28732dd29594f99af2b449fc5",
                "sha256:fc28b986a68fde8d3ff0e6d6ba3fbdd2cd562d11d45ef7c7735fbd826c9eec2e"
            ],
            "version": "==0.15"
        },
        "certifi": {
            "hashes": [
                "sha256:14131608ad2fd56836d33a71ee60fa1c82bc9d2c8d98b7bdbc631fe1b3cd1296",
                "sha256:edbc3f203427eef571f79a7692bb160a2b0f7ccaa31953e99bd17e307cf63f7d"
            ],
            "version": "==2018.1.18"
        },
        "chardet": {
            "hashes": [
                "sha256:fc323ffcaeaed0e0a02bf4d117757b98aed530d9ed4531e3e15460124c106691",
                "sha256:84ab92ed1c4d4f16916e05906b6b75a6c0fb5db821cc65e70cbd64a3e2a5eaae"
            ],
            "version": "==3.0.4"
        },
        "future": {
            "hashes": [
                "sha256:e39ced1ab767b5936646cedba8bcce582398233d6a627067d4c6a454c90cfedb"
            ],
            "version": "==0.16.0"
        },
        "idna": {
            "hashes": [
                "sha256:8c7309c718f94b3a625cb648ace320157ad16ff131ae0af362c9f21b80ef6ec4",
                "sha256:2c6a5de3089009e3da7c5dde64a141dbc8551d5b7f6cf4ed7c2568d0cc520a8f"
            ],
            "version": "==2.6"
        },
        "macholib": {
            "hashes": [
                "sha256:7f76a7ef4f58f85889dec25fb532bad5acfd461c444738dfeb2e7bf855d5906b",
                "sha256:9aeec52d7da59912b15445d08b08d95cee48414f01dd035be06f04a825973c08"
            ],
            "version": "==1.9"
        },
        "pefile": {
            "hashes": [
                "sha256:675c35ee0e1677db9e80d2f48d8a7ff2cf38e6207e8cd5e2a2c6d126db025854"
            ],
            "version": "==2017.11.5"
        },
        "pyinstaller": {
            "hashes": [
                "sha256:715f81f24b1ef0e5fe3b3c71e7540551838e46e9de30882aa7c0a521147fd1ce"
            ],
            "version": "==3.3.1"
        },
        "pypiwin32": {
            "hashes": [
                "sha256:67adf399debc1d5d14dffc1ab5acacb800da569754fafdc576b2a039485aa775",
                "sha256:71be40c1fbd28594214ecaecb58e7aa8b708eabfa0125c8a109ebd51edbd776a"
            ],
            "version": "==223"
        },
        "pywin32": {
            "hashes": [
                "sha256:42f48567e36b787901ff3da20de5a134cd9880cc90832e2aad60951f058699f0",
                "sha256:f0f0e7c82ee334dd6e888b9b5beb05fd8947355fa7a15644c810bb4ea0079ca6",
                "sha256:c7ea0deabcc324e5b74084b5452003109c592d1aedbe9e9289ed55b26d9b0c7f",
                "sha256:da422d4067d98b49fbb19d851900a5fc38c61eab0ee803574c27c42309173ebe",
                "sha256:fb3c85907918fd01a72ee146d323d220771dee151c0cfa5630c2f35797ffb116",
                "sha256:0df9b008caef10af0d674c483316c28dcf78391332d9d5d380fab667ebf2d7d1",
                "sha256:9eff897796c9d76a213134257a01b6f8a122c55e0772847fba313a8091f3ec44",
                "sha256:249391eb924b8376826e6f84d143d1dcc0e400b238b511d5fbd3811f6ed9ad50"
            ],
            "version": "==223"
        },
        "requests": {
            "hashes": [
                "sha256:6a1b267aa90cac58ac3a765d067950e7dbbf75b1da07e895d1f594193a40a38b",
                "sha256:9c443e7324ba5b85070c4a818ade28bfabedf16ea10206da1132edaa6dda237e"
            ],
            "version": "==2.18.4"
        },
        "urllib3": {
            "hashes": [
                "sha256:06330f386d6e4b195fbfc736b297f58c5a892e4440e54d294d7004e3a9bbea1b",
                "sha256:cc44da8e1145637334317feebd728bd869a35285b93cbb4cca2577da7e62db4f"
            ],
            "version": "==1.22"
        }
    }
}
